
Microsoft Visual Studio Solution File, Format Version 12.00
# Visual Studio Version 17
VisualStudioVersion = 17.5.33516.290
MinimumVisualStudioVersion = 10.0.40219.1
Project("{FAE04EC0-301F-11D3-BF4B-00C04F79EFBC}") = "SnakeGame", "SnakeGame.csproj", "{DF50FAAF-9219-4277-A4E8-5A1D604754E9}"
EndProject
Global
	GlobalSection(SolutionConfigurationPlatforms) = preSolution
		Debug|Any CPU = Debug|Any CPU
		Release|Any CPU = Release|Any CPU
	EndGlobalSection
	GlobalSection(ProjectConfigurationPlatforms) = postSolution
		{DF50FAAF-9219-4277-A4E8-5A1D604754E9}.Debug|Any CPU.ActiveCfg = Debug|Any CPU
		{DF50FAAF-9219-4277-A4E8-5A1D604754E9}.Debug|Any CPU.Build.0 = Debug|Any CPU
		{DF50FAAF-9219-4277-A4E8-5A1D604754E9}.Release|Any CPU.ActiveCfg = Release|Any CPU
		{DF50FAAF-9219-4277-A4E8-5A1D604754E9}.Release|Any CPU.Build.0 = Release|Any CPU
	EndGlobalSection
	GlobalSection(SolutionProperties) = preSolution
		HideSolutionNode = FALSE
	EndGlobalSection
	GlobalSection(ExtensibilityGlobals) = postSolution
		SolutionGuid = {981951FC-FE33-40D4-8A44-455390A481A6}
	EndGlobalSection
EndGlobal
